
Microsoft Visual Studio Solution File, Format Version 12.00
# Visual Studio Version 16
VisualStudioVersion = 16.0.30225.117
MinimumVisualStudioVersion = 10.0.40219.1
Project("{FAE04EC0-301F-11D3-BF4B-00C04F79EFBC}") = "RoasterWebApplication", "RoasterWebApplication\RoasterWebApplication.csproj", "{40140AD3-EC5A-4E3B-9822-0B475E7AF32E}"
EndProject
Global
	GlobalSection(SolutionConfigurationPlatforms) = preSolution
		Debug|Any CPU = Debug|Any CPU
		Release|Any CPU = Release|Any CPU
	EndGlobalSection
	GlobalSection(ProjectConfigurationPlatforms) = postSolution
		{40140AD3-EC5A-4E3B-9822-0B475E7AF32E}.Debug|Any CPU.ActiveCfg = Debug|Any CPU
		{40140AD3-EC5A-4E3B-9822-0B475E7AF32E}.Debug|Any CPU.Build.0 = Debug|Any CPU
		{40140AD3-EC5A-4E3B-9822-0B475E7AF32E}.Release|Any CPU.ActiveCfg = Release|Any CPU
		{40140AD3-EC5A-4E3B-9822-0B475E7AF32E}.Release|Any CPU.Build.0 = Release|Any CPU
	EndGlobalSection
	GlobalSection(SolutionProperties) = preSolution
		HideSolutionNode = FALSE
	EndGlobalSection
	GlobalSection(ExtensibilityGlobals) = postSolution
		SolutionGuid = {07E7CD35-6813-4B40-91B4-448C78D2E33B}
	EndGlobalSection
EndGlobal
